
Microsoft Visual Studio Solution File, Format Version 12.00
# Visual Studio Version 16
VisualStudioVersion = 16.0.34601.136
MinimumVisualStudioVersion = 10.0.40219.1
Project("{FAE04EC0-301F-11D3-BF4B-00C04F79EFBC}") = "Assign_1", "Assign_1\Assign_1.csproj", "{5B506C1E-DC7C-4CE9-AED9-B88B10AF90C9}"
EndProject
Global
	GlobalSection(SolutionConfigurationPlatforms) = preSolution
		Debug|Any CPU = Debug|Any CPU
		Release|Any CPU = Release|Any CPU
	EndGlobalSection
	GlobalSection(ProjectConfigurationPlatforms) = postSolution
		{5B506C1E-DC7C-4CE9-AED9-B88B10AF90C9}.Debug|Any CPU.ActiveCfg = Debug|Any CPU
		{5B506C1E-DC7C-4CE9-AED9-B88B10AF90C9}.Debug|Any CPU.Build.0 = Debug|Any CPU
		{5B506C1E-DC7C-4CE9-AED9-B88B10AF90C9}.Release|Any CPU.ActiveCfg = Release|Any CPU
		{5B506C1E-DC7C-4CE9-AED9-B88B10AF90C9}.Release|Any CPU.Build.0 = Release|Any CPU
	EndGlobalSection
	GlobalSection(SolutionProperties) = preSolution
		HideSolutionNode = FALSE
	EndGlobalSection
	GlobalSection(ExtensibilityGlobals) = postSolution
		SolutionGuid = {2599417E-B9A7-4EBF-BBB4-CF3B3132EE3D}
	EndGlobalSection
EndGlobal
