
Microsoft Visual Studio Solution File, Format Version 12.00
# Visual Studio Version 16
VisualStudioVersion = 16.0.34601.136
MinimumVisualStudioVersion = 10.0.40219.1
Project("{FAE04EC0-301F-11D3-BF4B-00C04F79EFBC}") = "Test_2", "Test_2\Test_2.csproj", "{20E4DA60-0C76-4BE2-97AE-89F33A37CFB8}"
EndProject
Global
	GlobalSection(SolutionConfigurationPlatforms) = preSolution
		Debug|Any CPU = Debug|Any CPU
		Release|Any CPU = Release|Any CPU
	EndGlobalSection
	GlobalSection(ProjectConfigurationPlatforms) = postSolution
		{20E4DA60-0C76-4BE2-97AE-89F33A37CFB8}.Debug|Any CPU.ActiveCfg = Debug|Any CPU
		{20E4DA60-0C76-4BE2-97AE-89F33A37CFB8}.Debug|Any CPU.Build.0 = Debug|Any CPU
		{20E4DA60-0C76-4BE2-97AE-89F33A37CFB8}.Release|Any CPU.ActiveCfg = Release|Any CPU
		{20E4DA60-0C76-4BE2-97AE-89F33A37CFB8}.Release|Any CPU.Build.0 = Release|Any CPU
	EndGlobalSection
	GlobalSection(SolutionProperties) = preSolution
		HideSolutionNode = FALSE
	EndGlobalSection
	GlobalSection(ExtensibilityGlobals) = postSolution
		SolutionGuid = {3FE9C8DD-E921-4941-BA1E-D96E4A3191AA}
	EndGlobalSection
EndGlobal
